
Microsoft Visual Studio Solution File, Format Version 12.00
# Visual Studio Version 16
VisualStudioVersion = 16.0.28803.352
MinimumVisualStudioVersion = 10.0.40219.1
Project("{FAE04EC0-301F-11D3-BF4B-00C04F79EFBC}") = "program 9", "program 9.csproj", "{4923D7B1-F38B-4DA0-9491-850D2097D8EA}"
EndProject
Global
	GlobalSection(SolutionConfigurationPlatforms) = preSolution
		Debug|Any CPU = Debug|Any CPU
		Release|Any CPU = Release|Any CPU
	EndGlobalSection
	GlobalSection(ProjectConfigurationPlatforms) = postSolution
		{4923D7B1-F38B-4DA0-9491-850D2097D8EA}.Debug|Any CPU.ActiveCfg = Debug|Any CPU
		{4923D7B1-F38B-4DA0-9491-850D2097D8EA}.Debug|Any CPU.Build.0 = Debug|Any CPU
		{4923D7B1-F38B-4DA0-9491-850D2097D8EA}.Release|Any CPU.ActiveCfg = Release|Any CPU
		{4923D7B1-F38B-4DA0-9491-850D2097D8EA}.Release|Any CPU.Build.0 = Release|Any CPU
	EndGlobalSection
	GlobalSection(SolutionProperties) = preSolution
		HideSolutionNode = FALSE
	EndGlobalSection
	GlobalSection(ExtensibilityGlobals) = postSolution
		SolutionGuid = {1E7378F2-F733-4F08-BFD8-287E6D375C98}
	EndGlobalSection
EndGlobal
